
Microsoft Visual Studio Solution File, Format Version 12.00
# Visual Studio Version 17
VisualStudioVersion = 17.10.34607.79
MinimumVisualStudioVersion = 10.0.40219.1
Project("{9A19103F-16F7-4668-BE54-9A1E7A4F7556}") = "Consol", "Consol\Consol.csproj", "{3526FC1B-8D2E-4385-B749-4437FA992035}"
EndProject
Project("{9A19103F-16F7-4668-BE54-9A1E7A4F7556}") = "Metotlar", "Metotlar\Metotlar.csproj", "{82B3187A-DA2D-4A50-90B5-15BA67258BBE}"
EndProject
Project("{9A19103F-16F7-4668-BE54-9A1E7A4F7556}") = "Matematik", "Matematik\Matematik.csproj", "{BB1FB92F-E1EE-4E71-92EC-17DB6872064C}"
EndProject
Project("{9A19103F-16F7-4668-BE54-9A1E7A4F7556}") = "DegerVeReferans", "DegerVeReferans\DegerVeReferans.csproj", "{18D1241D-E6A1-4A17-B797-40DFE48F80F6}"
EndProject
Project("{9A19103F-16F7-4668-BE54-9A1E7A4F7556}") = "OOP1", "OOP1\OOP1.csproj", "{675DF8E5-6537-4492-AB60-BCBF45FA64B2}"
EndProject
Project("{9A19103F-16F7-4668-BE54-9A1E7A4F7556}") = "Koleksiyonlar", "Koleksiyonlar\Koleksiyonlar.csproj", "{C3292079-8DF8-46F2-B61C-FDF83DAB8546}"
EndProject
Project("{9A19103F-16F7-4668-BE54-9A1E7A4F7556}") = "GenericsIntro", "GenericsIntro\GenericsIntro.csproj", "{3970CB90-B8B8-4878-A729-21DCC96FD486}"
EndProject
Project("{9A19103F-16F7-4668-BE54-9A1E7A4F7556}") = "Oop2", "Oop2\Oop2.csproj", "{53A7A0C0-EE47-4614-8CB2-5103C49B578F}"
EndProject
Project("{9A19103F-16F7-4668-BE54-9A1E7A4F7556}") = "OOP3(Dependency İnjection)", "OOP3\OOP3(Dependency İnjection).csproj", "{F26E85AD-258D-4B96-8AA4-F71F88133B34}"
EndProject
Project("{9A19103F-16F7-4668-BE54-9A1E7A4F7556}") = "Generics", "Generics\Generics.csproj", "{C3C3F8C9-DE2E-47DA-BB14-3D059D9AC807}"
EndProject
Project("{9A19103F-16F7-4668-BE54-9A1E7A4F7556}") = "Dictionary", "Dictionary\Dictionary.csproj", "{099C2408-E87E-40D4-83FC-3473462A25B3}"
EndProject
Project("{9A19103F-16F7-4668-BE54-9A1E7A4F7556}") = "MyDictonary", "MyDictonary\MyDictonary.csproj", "{1D30FEB4-6AD9-4A61-8E8E-6A61220952FF}"
EndProject
Project("{9A19103F-16F7-4668-BE54-9A1E7A4F7556}") = "LinqProject", "LinqProject\LinqProject.csproj", "{1F766440-B8B6-484C-8137-2D78465CCDD4}"
EndProject
Project("{FAE04EC0-301F-11D3-BF4B-00C04F79EFBC}") = "Attributes", "Attributes\Attributes.csproj", "{D919C047-B45F-4DD4-8A59-9E195D7CDFA8}"
EndProject
Project("{FAE04EC0-301F-11D3-BF4B-00C04F79EFBC}") = "Reflection", "Reflection\Reflection.csproj", "{18D6CB0E-4B1C-4EC4-B656-61BA5A6A809A}"
EndProject
Project("{FAE04EC0-301F-11D3-BF4B-00C04F79EFBC}") = "Delegates", "Delegates\Delegates.csproj", "{FEA1288F-4B68-471D-A1F0-24B22AB35EEE}"
EndProject
Project("{FAE04EC0-301F-11D3-BF4B-00C04F79EFBC}") = "FuncAndAction", "FuncAndAction\FuncAndAction.csproj", "{299C2C20-C94E-4BE4-A028-489023069717}"
EndProject
Project("{FAE04EC0-301F-11D3-BF4B-00C04F79EFBC}") = "Exceptions(ActionAndFunc)", "Exceptions\Exceptions(ActionAndFunc).csproj", "{1530E281-BD7C-4955-8098-2C81D8E8E932}"
EndProject
Project("{FAE04EC0-301F-11D3-BF4B-00C04F79EFBC}") = "Events", "Events\Events.csproj", "{091E2643-F470-493C-8574-2666F0B78CD6}"
EndProject
Global
	GlobalSection(SolutionConfigurationPlatforms) = preSolution
		Debug|Any CPU = Debug|Any CPU
		Release|Any CPU = Release|Any CPU
	EndGlobalSection
	GlobalSection(ProjectConfigurationPlatforms) = postSolution
		{3526FC1B-8D2E-4385-B749-4437FA992035}.Debug|Any CPU.ActiveCfg = Debug|Any CPU
		{3526FC1B-8D2E-4385-B749-4437FA992035}.Debug|Any CPU.Build.0 = Debug|Any CPU
		{3526FC1B-8D2E-4385-B749-4437FA992035}.Release|Any CPU.ActiveCfg = Release|Any CPU
		{3526FC1B-8D2E-4385-B749-4437FA992035}.Release|Any CPU.Build.0 = Release|Any CPU
		{82B3187A-DA2D-4A50-90B5-15BA67258BBE}.Debug|Any CPU.ActiveCfg = Debug|Any CPU
		{82B3187A-DA2D-4A50-90B5-15BA67258BBE}.Debug|Any CPU.Build.0 = Debug|Any CPU
		{82B3187A-DA2D-4A50-90B5-15BA67258BBE}.Release|Any CPU.ActiveCfg = Release|Any CPU
		{82B3187A-DA2D-4A50-90B5-15BA67258BBE}.Release|Any CPU.Build.0 = Release|Any CPU
		{BB1FB92F-E1EE-4E71-92EC-17DB6872064C}.Debug|Any CPU.ActiveCfg = Debug|Any CPU
		{BB1FB92F-E1EE-4E71-92EC-17DB6872064C}.Debug|Any CPU.Build.0 = Debug|Any CPU
		{BB1FB92F-E1EE-4E71-92EC-17DB6872064C}.Release|Any CPU.ActiveCfg = Release|Any CPU
		{BB1FB92F-E1EE-4E71-92EC-17DB6872064C}.Release|Any CPU.Build.0 = Release|Any CPU
		{18D1241D-E6A1-4A17-B797-40DFE48F80F6}.Debug|Any CPU.ActiveCfg = Debug|Any CPU
		{18D1241D-E6A1-4A17-B797-40DFE48F80F6}.Debug|Any CPU.Build.0 = Debug|Any CPU
		{18D1241D-E6A1-4A17-B797-40DFE48F80F6}.Release|Any CPU.ActiveCfg = Release|Any CPU
		{18D1241D-E6A1-4A17-B797-40DFE48F80F6}.Release|Any CPU.Build.0 = Release|Any CPU
		{675DF8E5-6537-4492-AB60-BCBF45FA64B2}.Debug|Any CPU.ActiveCfg = Debug|Any CPU
		{675DF8E5-6537-4492-AB60-BCBF45FA64B2}.Debug|Any CPU.Build.0 = Debug|Any CPU
		{675DF8E5-6537-4492-AB60-BCBF45FA64B2}.Release|Any CPU.ActiveCfg = Release|Any CPU
		{675DF8E5-6537-4492-AB60-BCBF45FA64B2}.Release|Any CPU.Build.0 = Release|Any CPU
		{C3292079-8DF8-46F2-B61C-FDF83DAB8546}.Debug|Any CPU.ActiveCfg = Debug|Any CPU
		{C3292079-8DF8-46F2-B61C-FDF83DAB8546}.Debug|Any CPU.Build.0 = Debug|Any CPU
		{C3292079-8DF8-46F2-B61C-FDF83DAB8546}.Release|Any CPU.ActiveCfg = Release|Any CPU
		{C3292079-8DF8-46F2-B61C-FDF83DAB8546}.Release|Any CPU.Build.0 = Release|Any CPU
		{3970CB90-B8B8-4878-A729-21DCC96FD486}.Debug|Any CPU.ActiveCfg = Debug|Any CPU
		{3970CB90-B8B8-4878-A729-21DCC96FD486}.Debug|Any CPU.Build.0 = Debug|Any CPU
		{3970CB90-B8B8-4878-A729-21DCC96FD486}.Release|Any CPU.ActiveCfg = Release|Any CPU
		{3970CB90-B8B8-4878-A729-21DCC96FD486}.Release|Any CPU.Build.0 = Release|Any CPU
		{53A7A0C0-EE47-4614-8CB2-5103C49B578F}.Debug|Any CPU.ActiveCfg = Debug|Any CPU
		{53A7A0C0-EE47-4614-8CB2-5103C49B578F}.Debug|Any CPU.Build.0 = Debug|Any CPU
		{53A7A0C0-EE47-4614-8CB2-5103C49B578F}.Release|Any CPU.ActiveCfg = Release|Any CPU
		{53A7A0C0-EE47-4614-8CB2-5103C49B578F}.Release|Any CPU.Build.0 = Release|Any CPU
		{F26E85AD-258D-4B96-8AA4-F71F88133B34}.Debug|Any CPU.ActiveCfg = Debug|Any CPU
		{F26E85AD-258D-4B96-8AA4-F71F88133B34}.Debug|Any CPU.Build.0 = Debug|Any CPU
		{F26E85AD-258D-4B96-8AA4-F71F88133B34}.Release|Any CPU.ActiveCfg = Release|Any CPU
		{F26E85AD-258D-4B96-8AA4-F71F88133B34}.Release|Any CPU.Build.0 = Release|Any CPU
		{C3C3F8C9-DE2E-47DA-BB14-3D059D9AC807}.Debug|Any CPU.ActiveCfg = Debug|Any CPU
		{C3C3F8C9-DE2E-47DA-BB14-3D059D9AC807}.Debug|Any CPU.Build.0 = Debug|Any CPU
		{C3C3F8C9-DE2E-47DA-BB14-3D059D9AC807}.Release|Any CPU.ActiveCfg = Release|Any CPU
		{C3C3F8C9-DE2E-47DA-BB14-3D059D9AC807}.Release|Any CPU.Build.0 = Release|Any CPU
		{099C2408-E87E-40D4-83FC-3473462A25B3}.Debug|Any CPU.ActiveCfg = Debug|Any CPU
		{099C2408-E87E-40D4-83FC-3473462A25B3}.Debug|Any CPU.Build.0 = Debug|Any CPU
		{099C2408-E87E-40D4-83FC-3473462A25B3}.Release|Any CPU.ActiveCfg = Release|Any CPU
		{099C2408-E87E-40D4-83FC-3473462A25B3}.Release|Any CPU.Build.0 = Release|Any CPU
		{1D30FEB4-6AD9-4A61-8E8E-6A61220952FF}.Debug|Any CPU.ActiveCfg = Debug|Any CPU
		{1D30FEB4-6AD9-4A61-8E8E-6A61220952FF}.Debug|Any CPU.Build.0 = Debug|Any CPU
		{1D30FEB4-6AD9-4A61-8E8E-6A61220952FF}.Release|Any CPU.ActiveCfg = Release|Any CPU
		{1D30FEB4-6AD9-4A61-8E8E-6A61220952FF}.Release|Any CPU.Build.0 = Release|Any CPU
		{1F766440-B8B6-484C-8137-2D78465CCDD4}.Debug|Any CPU.ActiveCfg = Debug|Any CPU
		{1F766440-B8B6-484C-8137-2D78465CCDD4}.Debug|Any CPU.Build.0 = Debug|Any CPU
		{1F766440-B8B6-484C-8137-2D78465CCDD4}.Release|Any CPU.ActiveCfg = Release|Any CPU
		{1F766440-B8B6-484C-8137-2D78465CCDD4}.Release|Any CPU.Build.0 = Release|Any CPU
		{D919C047-B45F-4DD4-8A59-9E195D7CDFA8}.Debug|Any CPU.ActiveCfg = Debug|Any CPU
		{D919C047-B45F-4DD4-8A59-9E195D7CDFA8}.Debug|Any CPU.Build.0 = Debug|Any CPU
		{D919C047-B45F-4DD4-8A59-9E195D7CDFA8}.Release|Any CPU.ActiveCfg = Release|Any CPU
		{D919C047-B45F-4DD4-8A59-9E195D7CDFA8}.Release|Any CPU.Build.0 = Release|Any CPU
		{18D6CB0E-4B1C-4EC4-B656-61BA5A6A809A}.Debug|Any CPU.ActiveCfg = Debug|Any CPU
		{18D6CB0E-4B1C-4EC4-B656-61BA5A6A809A}.Debug|Any CPU.Build.0 = Debug|Any CPU
		{18D6CB0E-4B1C-4EC4-B656-61BA5A6A809A}.Release|Any CPU.ActiveCfg = Release|Any CPU
		{18D6CB0E-4B1C-4EC4-B656-61BA5A6A809A}.Release|Any CPU.Build.0 = Release|Any CPU
		{FEA1288F-4B68-471D-A1F0-24B22AB35EEE}.Debug|Any CPU.ActiveCfg = Debug|Any CPU
		{FEA1288F-4B68-471D-A1F0-24B22AB35EEE}.Debug|Any CPU.Build.0 = Debug|Any CPU
		{FEA1288F-4B68-471D-A1F0-24B22AB35EEE}.Release|Any CPU.ActiveCfg = Release|Any CPU
		{FEA1288F-4B68-471D-A1F0-24B22AB35EEE}.Release|Any CPU.Build.0 = Release|Any CPU
		{299C2C20-C94E-4BE4-A028-489023069717}.Debug|Any CPU.ActiveCfg = Debug|Any CPU
		{299C2C20-C94E-4BE4-A028-489023069717}.Debug|Any CPU.Build.0 = Debug|Any CPU
		{299C2C20-C94E-4BE4-A028-489023069717}.Release|Any CPU.ActiveCfg = Release|Any CPU
		{299C2C20-C94E-4BE4-A028-489023069717}.Release|Any CPU.Build.0 = Release|Any CPU
		{1530E281-BD7C-4955-8098-2C81D8E8E932}.Debug|Any CPU.ActiveCfg = Debug|Any CPU
		{1530E281-BD7C-4955-8098-2C81D8E8E932}.Debug|Any CPU.Build.0 = Debug|Any CPU
		{1530E281-BD7C-4955-8098-2C81D8E8E932}.Release|Any CPU.ActiveCfg = Release|Any CPU
		{1530E281-BD7C-4955-8098-2C81D8E8E932}.Release|Any CPU.Build.0 = Release|Any CPU
		{091E2643-F470-493C-8574-2666F0B78CD6}.Debug|Any CPU.ActiveCfg = Debug|Any CPU
		{091E2643-F470-493C-8574-2666F0B78CD6}.Debug|Any CPU.Build.0 = Debug|Any CPU
		{091E2643-F470-493C-8574-2666F0B78CD6}.Release|Any CPU.ActiveCfg = Release|Any CPU
		{091E2643-F470-493C-8574-2666F0B78CD6}.Release|Any CPU.Build.0 = Release|Any CPU
	EndGlobalSection
	GlobalSection(SolutionProperties) = preSolution
		HideSolutionNode = FALSE
	EndGlobalSection
	GlobalSection(ExtensibilityGlobals) = postSolution
		SolutionGuid = {5997CBA6-A69C-4545-936D-F7D4AC1003D6}
	EndGlobalSection
EndGlobal
